// !$*UTF8*$!
{
	archiveVersion = 1;
	classes = {
	};
	objectVersion = 46;
	objects = {

/* Begin PBXBuildFile section */
		4C0ADF69191C24B4006DB35F /* avplayer.bundle in Resources */ = {isa = PBXBuildFile; fileRef = 4C0ADF66191C24B4006DB35F /* avplayer.bundle */; };
		4C0ADF6A191C24B4006DB35F /* KSVideoPlayerView.m in Sources */ = {isa = PBXBuildFile; fileRef = 4C0ADF68191C24B4006DB35F /* KSVideoPlayerView.m */; };
		4C99E3FF191A9FAF0036778C /* Foundation.framework in Frameworks */ = {isa = PBXBuildFile; fileRef = 4C99E3FE191A9FAF0036778C /* Foundation.framework */; };
		4C99E401191A9FAF0036778C /* CoreGraphics.framework in Frameworks */ = {isa = PBXBuildFile; fileRef = 4C99E400191A9FAF0036778C /* CoreGraphics.framework */; };
		4C99E403191A9FAF0036778C /* UIKit.framework in Frameworks */ = {isa = PBXBuildFile; fileRef = 4C99E402191A9FAF0036778C /* UIKit.framework */; };
		4C99E409191A9FAF0036778C /* InfoPlist.strings in Resources */ = {isa = PBXBuildFile; fileRef = 4C99E407191A9FAF0036778C /* InfoPlist.strings */; };
		4C99E40B191A9FAF0036778C /* main.m in Sources */ = {isa = PBXBuildFile; fileRef = 4C99E40A191A9FAF0036778C /* main.m */; };
		4C99E40F191A9FAF0036778C /* AppDelegate.m in Sources */ = {isa = PBXBuildFile; fileRef = 4C99E40E191A9FAF0036778C /* AppDelegate.m */; };
		4C99E412191A9FAF0036778C /* Main.storyboard in Resources */ = {isa = PBXBuildFile; fileRef = 4C99E410191A9FAF0036778C /* Main.storyboard */; };
		4C99E415191A9FAF0036778C /* ViewController.m in Sources */ = {isa = PBXBuildFile; fileRef = 4C99E414191A9FAF0036778C /* ViewController.m */; };
		4C99E417191A9FAF0036778C /* Images.xcassets in Resources */ = {isa = PBXBuildFile; fileRef = 4C99E416191A9FAF0036778C /* Images.xcassets */; };
		CC92C1B0D78544228DB746F1 /* libPods.a in Frameworks */ = {isa = PBXBuildFile; fileRef = 413B2B3A3C7C4BE8B33D4987 /* libPods.a */; };
/* End PBXBuildFile section */

/* Begin PBXFileReference section */
		2261A9D7DE78B64079BBAA2B /* Pods.release.xcconfig */ = {isa = PBXFileReference; includeInIndex = 1; lastKnownFileType = text.xcconfig; name = Pods.release.xcconfig; path = "Pods/Target Support Files/Pods/Pods.release.xcconfig"; sourceTree = "<group>"; };
		413B2B3A3C7C4BE8B33D4987 /* libPods.a */ = {isa = PBXFileReference; explicitFileType = archive.ar; includeInIndex = 0; path = libPods.a; sourceTree = BUILT_PRODUCTS_DIR; };
		4C0ADF66191C24B4006DB35F /* avplayer.bundle */ = {isa = PBXFileReference; lastKnownFileType = "wrapper.plug-in"; path = avplayer.bundle; sourceTree = "<group>"; };
		4C0ADF67191C24B4006DB35F /* KSVideoPlayerView.h */ = {isa = PBXFileReference; fileEncoding = 4; lastKnownFileType = sourcecode.c.h; path = KSVideoPlayerView.h; sourceTree = "<group>"; };
		4C0ADF68191C24B4006DB35F /* KSVideoPlayerView.m */ = {isa = PBXFileReference; fileEncoding = 4; lastKnownFileType = sourcecode.c.objc; path = KSVideoPlayerView.m; sourceTree = "<group>"; };
		4C99E3FB191A9FAF0036778C /* TestAVPlayer.app */ = {isa = PBXFileReference; explicitFileType = wrapper.application; includeInIndex = 0; path = TestAVPlayer.app; sourceTree = BUILT_PRODUCTS_DIR; };
		4C99E3FE191A9FAF0036778C /* Foundation.framework */ = {isa = PBXFileReference; lastKnownFileType = wrapper.framework; name = Foundation.framework; path = System/Library/Frameworks/Foundation.framework; sourceTree = SDKROOT; };
		4C99E400191A9FAF0036778C /* CoreGraphics.framework */ = {isa = PBXFileReference; lastKnownFileType = wrapper.framework; name = CoreGraphics.framework; path = System/Library/Frameworks/CoreGraphics.framework; sourceTree = SDKROOT; };
		4C99E402191A9FAF0036778C /* UIKit.framework */ = {isa = PBXFileReference; lastKnownFileType = wrapper.framework; name = UIKit.framework; path = System/Library/Frameworks/UIKit.framework; sourceTree = SDKROOT; };
		4C99E406191A9FAF0036778C /* TestAVPlayer-Info.plist */ = {isa = PBXFileReference; lastKnownFileType = text.plist.xml; path = "TestAVPlayer-Info.plist"; sourceTree = "<group>"; };
		4C99E408191A9FAF0036778C /* en */ = {isa = PBXFileReference; lastKnownFileType = text.plist.strings; name = en; path = en.lproj/InfoPlist.strings; sourceTree = "<group>"; };
		4C99E40A191A9FAF0036778C /* main.m */ = {isa = PBXFileReference; lastKnownFileType = sourcecode.c.objc; path = main.m; sourceTree = "<group>"; };
		4C99E40C191A9FAF0036778C /* TestAVPlayer-Prefix.pch */ = {isa = PBXFileReference; lastKnownFileType = sourcecode.c.h; path = "TestAVPlayer-Prefix.pch"; sourceTree = "<group>"; };
		4C99E40D191A9FAF0036778C /* AppDelegate.h */ = {isa = PBXFileReference; lastKnownFileType = sourcecode.c.h; path = AppDelegate.h; sourceTree = "<group>"; };
		4C99E40E191A9FAF0036778C /* AppDelegate.m */ = {isa = PBXFileReference; lastKnownFileType = sourcecode.c.objc; path = AppDelegate.m; sourceTree = "<group>"; };
		4C99E411191A9FAF0036778C /* Base */ = {isa = PBXFileReference; lastKnownFileType = file.storyboard; name = Base; path = Base.lproj/Main.storyboard; sourceTree = "<group>"; };
		4C99E413191A9FAF0036778C /* ViewController.h */ = {isa = PBXFileReference; lastKnownFileType = sourcecode.c.h; path = ViewController.h; sourceTree = "<group>"; };
		4C99E414191A9FAF0036778C /* ViewController.m */ = {isa = PBXFileReference; lastKnownFileType = sourcecode.c.objc; path = ViewController.m; sourceTree = "<group>"; };
		4C99E416191A9FAF0036778C /* Images.xcassets */ = {isa = PBXFileReference; lastKnownFileType = folder.assetcatalog; path = Images.xcassets; sourceTree = "<group>"; };
		4C99E41D191A9FAF0036778C /* XCTest.framework */ = {isa = PBXFileReference; lastKnownFileType = wrapper.framework; name = XCTest.framework; path = Library/Frameworks/XCTest.framework; sourceTree = DEVELOPER_DIR; };
		4C99E425191A9FAF0036778C /* TestAVPlayerTests-Info.plist */ = {isa = PBXFileReference; lastKnownFileType = text.plist.xml; path = "TestAVPlayerTests-Info.plist"; sourceTree = "<group>"; };
		4C99E427191A9FAF0036778C /* en */ = {isa = PBXFileReference; lastKnownFileType = text.plist.strings; name = en; path = en.lproj/InfoPlist.strings; sourceTree = "<group>"; };
		4C99E429191A9FAF0036778C /* TestAVPlayerTests.m */ = {isa = PBXFileReference; lastKnownFileType = sourcecode.c.objc; path = TestAVPlayerTests.m; sourceTree = "<group>"; };
		EA7B4D994F171C209B0A0E05 /* Pods.debug.xcconfig */ = {isa = PBXFileReference; includeInIndex = 1; lastKnownFileType = text.xcconfig; name = Pods.debug.xcconfig; path = "Pods/Target Support Files/Pods/Pods.debug.xcconfig"; sourceTree = "<group>"; };
/* End PBXFileReference section */

/* Begin PBXFrameworksBuildPhase section */
		4C99E3F8191A9FAF0036778C /* Frameworks */ = {
			isa = PBXFrameworksBuildPhase;
			buildActionMask = 2147483647;
			files = (
				4C99E401191A9FAF0036778C /* CoreGraphics.framework in Frameworks */,
				4C99E403191A9FAF0036778C /* UIKit.framework in Frameworks */,
				4C99E3FF191A9FAF0036778C /* Foundation.framework in Frameworks */,
				CC92C1B0D78544228DB746F1 /* libPods.a in Frameworks */,
			);
			runOnlyForDeploymentPostprocessing = 0;
		};
/* End PBXFrameworksBuildPhase section */

/* Begin PBXGroup section */
		2499462192D101549CB8C7CB /* Pods */ = {
			isa = PBXGroup;
			children = (
				EA7B4D994F171C209B0A0E05 /* Pods.debug.xcconfig */,
				2261A9D7DE78B64079BBAA2B /* Pods.release.xcconfig */,
			);
			name = Pods;
			sourceTree = "<group>";
		};
		4C99E3F2191A9FAF0036778C = {
			isa = PBXGroup;
			children = (
				4C99E404191A9FAF0036778C /* TestAVPlayer */,
				4C99E423191A9FAF0036778C /* TestAVPlayerTests */,
				4C99E3FD191A9FAF0036778C /* Frameworks */,
				4C99E3FC191A9FAF0036778C /* Products */,
				2499462192D101549CB8C7CB /* Pods */,
			);
			sourceTree = "<group>";
		};
		4C99E3FC191A9FAF0036778C /* Products */ = {
			isa = PBXGroup;
			children = (
				4C99E3FB191A9FAF0036778C /* TestAVPlayer.app */,
			);
			name = Products;
			sourceTree = "<group>";
		};
		4C99E3FD191A9FAF0036778C /* Frameworks */ = {
			isa = PBXGroup;
			children = (
				4C99E3FE191A9FAF0036778C /* Foundation.framework */,
				4C99E400191A9FAF0036778C /* CoreGraphics.framework */,
				4C99E402191A9FAF0036778C /* UIKit.framework */,
				4C99E41D191A9FAF0036778C /* XCTest.framework */,
				413B2B3A3C7C4BE8B33D4987 /* libPods.a */,
			);
			name = Frameworks;
			sourceTree = "<group>";
		};
		4C99E404191A9FAF0036778C /* TestAVPlayer */ = {
			isa = PBXGroup;
			children = (
				4C0ADF66191C24B4006DB35F /* avplayer.bundle */,
				4C0ADF67191C24B4006DB35F /* KSVideoPlayerView.h */,
				4C0ADF68191C24B4006DB35F /* KSVideoPlayerView.m */,
				4C99E40D191A9FAF0036778C /* AppDelegate.h */,
				4C99E40E191A9FAF0036778C /* AppDelegate.m */,
				4C99E410191A9FAF0036778C /* Main.storyboard */,
				4C99E413191A9FAF0036778C /* ViewController.h */,
				4C99E414191A9FAF0036778C /* ViewController.m */,
				4C99E416191A9FAF0036778C /* Images.xcassets */,
				4C99E405191A9FAF0036778C /* Supporting Files */,
			);
			path = TestAVPlayer;
			sourceTree = "<group>";
		};
		4C99E405191A9FAF0036778C /* Supporting Files */ = {
			isa = PBXGroup;
			children = (
				4C99E406191A9FAF0036778C /* TestAVPlayer-Info.plist */,
				4C99E407191A9FAF0036778C /* InfoPlist.strings */,
				4C99E40A191A9FAF0036778C /* main.m */,
				4C99E40C191A9FAF0036778C /* TestAVPlayer-Prefix.pch */,
			);
			name = "Supporting Files";
			sourceTree = "<group>";
		};
		4C99E423191A9FAF0036778C /* TestAVPlayerTests */ = {
			isa = PBXGroup;
			children = (
				4C99E429191A9FAF0036778C /* TestAVPlayerTests.m */,
				4C99E424191A9FAF0036778C /* Supporting Files */,
			);
			path = TestAVPlayerTests;
			sourceTree = "<group>";
		};
		4C99E424191A9FAF0036778C /* Supporting Files */ = {
			isa = PBXGroup;
			children = (
				4C99E425191A9FAF0036778C /* TestAVPlayerTests-Info.plist */,
				4C99E426191A9FAF0036778C /* InfoPlist.strings */,
			);
			name = "Supporting Files";
			sourceTree = "<group>";
		};
/* End PBXGroup section */

/* Begin PBXNativeTarget section */
		4C99E3FA191A9FAF0036778C /* TestAVPlayer */ = {
			isa = PBXNativeTarget;
			buildConfigurationList = 4C99E42D191A9FAF0036778C /* Build configuration list for PBXNativeTarget "TestAVPlayer" */;
			buildPhases = (
				C282F5C3A4224646ACCC8F13 /* Check Pods Manifest.lock */,
				4C99E3F7191A9FAF0036778C /* Sources */,
				4C99E3F8191A9FAF0036778C /* Frameworks */,
				4C99E3F9191A9FAF0036778C /* Resources */,
				ADDAA240D5834DE6B35E4C5E /* Copy Pods Resources */,
			);
			buildRules = (
			);
			dependencies = (
			);
			name = TestAVPlayer;
			productName = TestAVPlayer;
			productReference = 4C99E3FB191A9FAF0036778C /* TestAVPlayer.app */;
			productType = "com.apple.product-type.application";
		};
/* End PBXNativeTarget section */

/* Begin PBXProject section */
		4C99E3F3191A9FAF0036778C /* Project object */ = {
			isa = PBXProject;
			attributes = {
				LastUpgradeCheck = 0510;
				ORGANIZATIONNAME = Mike;
			};
			buildConfigurationList = 4C99E3F6191A9FAF0036778C /* Build configuration list for PBXProject "TestAVPlayer" */;
			compatibilityVersion = "Xcode 3.2";
			developmentRegion = English;
			hasScannedForEncodings = 0;
			knownRegions = (
				en,
				Base,
			);
			mainGroup = 4C99E3F2191A9FAF0036778C;
			productRefGroup = 4C99E3FC191A9FAF0036778C /* Products */;
			projectDirPath = "";
			projectRoot = "";
			targets = (
				4C99E3FA191A9FAF0036778C /* TestAVPlayer */,
			);
		};
/* End PBXProject section */

/* Begin PBXResourcesBuildPhase section */
		4C99E3F9191A9FAF0036778C /* Resources */ = {
			isa = PBXResourcesBuildPhase;
			buildActionMask = 2147483647;
			files = (
				4C99E417191A9FAF0036778C /* Images.xcassets in Resources */,
				4C99E409191A9FAF0036778C /* InfoPlist.strings in Resources */,
				4C99E412191A9FAF0036778C /* Main.storyboard in Resources */,
				4C0ADF69191C24B4006DB35F /* avplayer.bundle in Resources */,
			);
			runOnlyForDeploymentPostprocessing = 0;
		};
/* End PBXResourcesBuildPhase section */

/* Begin PBXShellScriptBuildPhase section */
		ADDAA240D5834DE6B35E4C5E /* Copy Pods Resources */ = {
			isa = PBXShellScriptBuildPhase;
			buildActionMask = 2147483647;
			files = (
			);
			inputPaths = (
			);
			name = "Copy Pods Resources";
			outputPaths = (
			);
			runOnlyForDeploymentPostprocessing = 0;
			shellPath = /bin/sh;
			shellScript = "\"${SRCROOT}/Pods/Target Support Files/Pods/Pods-resources.sh\"\n";
			showEnvVarsInLog = 0;
		};
		C282F5C3A4224646ACCC8F13 /* Check Pods Manifest.lock */ = {
			isa = PBXShellScriptBuildPhase;
			buildActionMask = 2147483647;
			files = (
			);
			inputPaths = (
			);
			name = "Check Pods Manifest.lock";
			outputPaths = (
			);
			runOnlyForDeploymentPostprocessing = 0;
			shellPath = /bin/sh;
			shellScript = "diff \"${PODS_ROOT}/../Podfile.lock\" \"${PODS_ROOT}/Manifest.lock\" > /dev/null\nif [[ $? != 0 ]] ; then\n    cat << EOM\nerror: The sandbox is not in sync with the Podfile.lock. Run 'pod install' or update your CocoaPods installation.\nEOM\n    exit 1\nfi\n";
			showEnvVarsInLog = 0;
		};
/* End PBXShellScriptBuildPhase section */

/* Begin PBXSourcesBuildPhase section */
		4C99E3F7191A9FAF0036778C /* Sources */ = {
			isa = PBXSourcesBuildPhase;
			buildActionMask = 2147483647;
			files = (
				4C99E415191A9FAF0036778C /* ViewController.m in Sources */,
				4C99E40F191A9FAF0036778C /* AppDelegate.m in Sources */,
				4C99E40B191A9FAF0036778C /* main.m in Sources */,
				4C0ADF6A191C24B4006DB35F /* KSVideoPlayerView.m in Sources */,
			);
			runOnlyForDeploymentPostprocessing = 0;
		};
/* End PBXSourcesBuildPhase section */

/* Begin PBXVariantGroup section */
		4C99E407191A9FAF0036778C /* InfoPlist.strings */ = {
			isa = PBXVariantGroup;
			children = (
				4C99E408191A9FAF0036778C /* en */,
			);
			name = InfoPlist.strings;
			sourceTree = "<group>";
		};
		4C99E410191A9FAF0036778C /* Main.storyboard */ = {
			isa = PBXVariantGroup;
			children = (
				4C99E411191A9FAF0036778C /* Base */,
			);
			name = Main.storyboard;
			sourceTree = "<group>";
		};
		4C99E426191A9FAF0036778C /* InfoPlist.strings */ = {
			isa = PBXVariantGroup;
			children = (
				4C99E427191A9FAF0036778C /* en */,
			);
			name = InfoPlist.strings;
			sourceTree = "<group>";
		};
/* End PBXVariantGroup section */

/* Begin XCBuildConfiguration section */
		4C99E42B191A9FAF0036778C /* Debug */ = {
			isa = XCBuildConfiguration;
			buildSettings = {
				ALWAYS_SEARCH_USER_PATHS = NO;
				CLANG_CXX_LANGUAGE_STANDARD = "gnu++0x";
				CLANG_CXX_LIBRARY = "libc++";
				CLANG_ENABLE_MODULES = YES;
				CLANG_ENABLE_OBJC_ARC = YES;
				CLANG_WARN_BOOL_CONVERSION = YES;
				CLANG_WARN_CONSTANT_CONVERSION = YES;
				CLANG_WARN_DIRECT_OBJC_ISA_USAGE = YES_ERROR;
				CLANG_WARN_EMPTY_BODY = YES;
				CLANG_WARN_ENUM_CONVERSION = YES;
				CLANG_WARN_INT_CONVERSION = YES;
				CLANG_WARN_OBJC_ROOT_CLASS = YES_ERROR;
				CLANG_WARN__DUPLICATE_METHOD_MATCH = YES;
				"CODE_SIGN_IDENTITY[sdk=iphoneos*]" = "iPhone Developer";
				COPY_PHASE_STRIP = NO;
				GCC_C_LANGUAGE_STANDARD = gnu99;
				GCC_DYNAMIC_NO_PIC = NO;
				GCC_OPTIMIZATION_LEVEL = 0;
				GCC_PREPROCESSOR_DEFINITIONS = (
					"DEBUG=1",
					"$(inherited)",
				);
				GCC_SYMBOLS_PRIVATE_EXTERN = NO;
				GCC_WARN_64_TO_32_BIT_CONVERSION = YES;
				GCC_WARN_ABOUT_RETURN_TYPE = YES_ERROR;
				GCC_WARN_UNDECLARED_SELECTOR = YES;
				GCC_WARN_UNINITIALIZED_AUTOS = YES_AGGRESSIVE;
				GCC_WARN_UNUSED_FUNCTION = YES;
				GCC_WARN_UNUSED_VARIABLE = YES;
				IPHONEOS_DEPLOYMENT_TARGET = 7.1;
				ONLY_ACTIVE_ARCH = YES;
				SDKROOT = iphoneos;
			};
			name = Debug;
		};
		4C99E42C191A9FAF0036778C /* Release */ = {
			isa = XCBuildConfiguration;
			buildSettings = {
				ALWAYS_SEARCH_USER_PATHS = NO;
				CLANG_CXX_LANGUAGE_STANDARD = "gnu++0x";
				CLANG_CXX_LIBRARY = "libc++";
				CLANG_ENABLE_MODULES = YES;
				CLANG_ENABLE_OBJC_ARC = YES;
				CLANG_WARN_BOOL_CONVERSION = YES;
				CLANG_WARN_CONSTANT_CONVERSION = YES;
				CLANG_WARN_DIRECT_OBJC_ISA_USAGE = YES_ERROR;
				CLANG_WARN_EMPTY_BODY = YES;
				CLANG_WARN_ENUM_CONVERSION = YES;
				CLANG_WARN_INT_CONVERSION = YES;
				CLANG_WARN_OBJC_ROOT_CLASS = YES_ERROR;
				CLANG_WARN__DUPLICATE_METHOD_MATCH = YES;
				"CODE_SIGN_IDENTITY[sdk=iphoneos*]" = "iPhone Developer";
				COPY_PHASE_STRIP = YES;
				ENABLE_NS_ASSERTIONS = NO;
				GCC_C_LANGUAGE_STANDARD = gnu99;
				GCC_WARN_64_TO_32_BIT_CONVERSION = YES;
				GCC_WARN_ABOUT_RETURN_TYPE = YES_ERROR;
				GCC_WARN_UNDECLARED_SELECTOR = YES;
				GCC_WARN_UNINITIALIZED_AUTOS = YES_AGGRESSIVE;
				GCC_WARN_UNUSED_FUNCTION = YES;
				GCC_WARN_UNUSED_VARIABLE = YES;
				IPHONEOS_DEPLOYMENT_TARGET = 7.1;
				SDKROOT = iphoneos;
				VALIDATE_PRODUCT = YES;
			};
			name = Release;
		};
		4C99E42E191A9FAF0036778C /* Debug */ = {
			isa = XCBuildConfiguration;
			baseConfigurationReference = EA7B4D994F171C209B0A0E05 /* Pods.debug.xcconfig */;
			buildSettings = {
				ASSETCATALOG_COMPILER_APPICON_NAME = AppIcon;
				ASSETCATALOG_COMPILER_LAUNCHIMAGE_NAME = LaunchImage;
				GCC_PRECOMPILE_PREFIX_HEADER = YES;
				GCC_PREFIX_HEADER = "TestAVPlayer/TestAVPlayer-Prefix.pch";
				INFOPLIST_FILE = "TestAVPlayer/TestAVPlayer-Info.plist";
				PRODUCT_NAME = "$(TARGET_NAME)";
				WRAPPER_EXTENSION = app;
			};
			name = Debug;
		};
		4C99E42F191A9FAF0036778C /* Release */ = {
			isa = XCBuildConfiguration;
			baseConfigurationReference = 2261A9D7DE78B64079BBAA2B /* Pods.release.xcconfig */;
			buildSettings = {
				ASSETCATALOG_COMPILER_APPICON_NAME = AppIcon;
				ASSETCATALOG_COMPILER_LAUNCHIMAGE_NAME = LaunchImage;
				GCC_PRECOMPILE_PREFIX_HEADER = YES;
				GCC_PREFIX_HEADER = "TestAVPlayer/TestAVPlayer-Prefix.pch";
				INFOPLIST_FILE = "TestAVPlayer/TestAVPlayer-Info.plist";
				PRODUCT_NAME = "$(TARGET_NAME)";
				WRAPPER_EXTENSION = app;
			};
			name = Release;
		};
/* End XCBuildConfiguration section */

/* Begin XCConfigurationList section */
		4C99E3F6191A9FAF0036778C /* Build configuration list for PBXProject "TestAVPlayer" */ = {
			isa = XCConfigurationList;
			buildConfigurations = (
				4C99E42B191A9FAF0036778C /* Debug */,
				4C99E42C191A9FAF0036778C /* Release */,
			);
			defaultConfigurationIsVisible = 0;
			defaultConfigurationName = Release;
		};
		4C99E42D191A9FAF0036778C /* Build configuration list for PBXNativeTarget "TestAVPlayer" */ = {
			isa = XCConfigurationList;
			buildConfigurations = (
				4C99E42E191A9FAF0036778C /* Debug */,
				4C99E42F191A9FAF0036778C /* Release */,
			);
			defaultConfigurationIsVisible = 0;
			defaultConfigurationName = Release;
		};
/* End XCConfigurationList section */
	};
	rootObject = 4C99E3F3191A9FAF0036778C /* Project object */;
}
